
Microsoft Visual Studio Solution File, Format Version 12.00
# Visual Studio 15
VisualStudioVersion = 15.0.26730.16
MinimumVisualStudioVersion = 10.0.40219.1
Project("{2150E333-8FDC-42A3-9474-1A3956D46DE8}") = "Solution Items", "Solution Items", "{2AC352E9-90C2-4BFA-9B85-89F24B675B40}"
	ProjectSection(SolutionItems) = preProject
		..\CreatePlgX.bat = ..\CreatePlgX.bat
		..\Releases\PackageRelease.bat = ..\Releases\PackageRelease.bat
		..\PlgXExclude.txt = ..\PlgXExclude.txt
		..\Readme.txt = ..\Readme.txt
	EndProjectSection
EndProject
Project("{FAE04EC0-301F-11D3-BF4B-00C04F79EFBC}") = "WebAutoType", "WebAutoType.csproj", "{20B0DE53-703D-4520-87FF-C906DAC07933}"
EndProject
Project("{FAE04EC0-301F-11D3-BF4B-00C04F79EFBC}") = "KeePass", "..\..\KeePass-Source\KeePass\KeePass.csproj", "{10938016-DEE2-4A25-9A5A-8FD3444379CA}"
	ProjectSection(ProjectDependencies) = postProject
		{20B0DE53-703D-4520-87FF-C906DAC07933} = {20B0DE53-703D-4520-87FF-C906DAC07933}
	EndProjectSection
EndProject
Project("{FAE04EC0-301F-11D3-BF4B-00C04F79EFBC}") = "UIALister", "..\UIALister\UIALister.csproj", "{EE79CE8F-4DA9-475D-8027-2AFA99A70CF2}"
EndProject
Project("{FAE04EC0-301F-11D3-BF4B-00C04F79EFBC}") = "MSAALister", "..\MSAALister\MSAALister.csproj", "{E907AD30-C890-4142-836D-6B61DDBE9C57}"
EndProject
Global
	GlobalSection(SolutionConfigurationPlatforms) = preSolution
		Debug|Any CPU = Debug|Any CPU
		Release|Any CPU = Release|Any CPU
	EndGlobalSection
	GlobalSection(ProjectConfigurationPlatforms) = postSolution
		{20B0DE53-703D-4520-87FF-C906DAC07933}.Debug|Any CPU.ActiveCfg = Debug|Any CPU
		{20B0DE53-703D-4520-87FF-C906DAC07933}.Debug|Any CPU.Build.0 = Debug|Any CPU
		{20B0DE53-703D-4520-87FF-C906DAC07933}.Release|Any CPU.ActiveCfg = Release|Any CPU
		{20B0DE53-703D-4520-87FF-C906DAC07933}.Release|Any CPU.Build.0 = Release|Any CPU
		{10938016-DEE2-4A25-9A5A-8FD3444379CA}.Debug|Any CPU.ActiveCfg = Debug|Any CPU
		{10938016-DEE2-4A25-9A5A-8FD3444379CA}.Debug|Any CPU.Build.0 = Debug|Any CPU
		{10938016-DEE2-4A25-9A5A-8FD3444379CA}.Release|Any CPU.ActiveCfg = Release|Any CPU
		{10938016-DEE2-4A25-9A5A-8FD3444379CA}.Release|Any CPU.Build.0 = Release|Any CPU
		{EE79CE8F-4DA9-475D-8027-2AFA99A70CF2}.Debug|Any CPU.ActiveCfg = Debug|Any CPU
		{EE79CE8F-4DA9-475D-8027-2AFA99A70CF2}.Debug|Any CPU.Build.0 = Debug|Any CPU
		{EE79CE8F-4DA9-475D-8027-2AFA99A70CF2}.Release|Any CPU.ActiveCfg = Release|Any CPU
		{EE79CE8F-4DA9-475D-8027-2AFA99A70CF2}.Release|Any CPU.Build.0 = Release|Any CPU
		{E907AD30-C890-4142-836D-6B61DDBE9C57}.Debug|Any CPU.ActiveCfg = Debug|Any CPU
		{E907AD30-C890-4142-836D-6B61DDBE9C57}.Debug|Any CPU.Build.0 = Debug|Any CPU
		{E907AD30-C890-4142-836D-6B61DDBE9C57}.Release|Any CPU.ActiveCfg = Release|Any CPU
		{E907AD30-C890-4142-836D-6B61DDBE9C57}.Release|Any CPU.Build.0 = Release|Any CPU
	EndGlobalSection
	GlobalSection(SolutionProperties) = preSolution
		HideSolutionNode = FALSE
	EndGlobalSection
	GlobalSection(ExtensibilityGlobals) = postSolution
		SolutionGuid = {DCDF9738-1F62-43E6-8EA5-BC0D010BA29F}
	EndGlobalSection
EndGlobal
